
Microsoft Visual Studio Solution File, Format Version 12.00
# Visual Studio 15
Project("{FAE04EC0-301F-11D3-BF4B-00C04F79EFBC}") = "31_arrays", "31_arrays\31_arrays.csproj", "{74E5024D-FCE8-4CDC-9B4C-6E85E51355AE}"
EndProject
Global
	GlobalSection(SolutionConfigurationPlatforms) = preSolution
		Debug|Any CPU = Debug|Any CPU
		Release|Any CPU = Release|Any CPU
	EndGlobalSection
	GlobalSection(ProjectConfigurationPlatforms) = postSolution
		{74E5024D-FCE8-4CDC-9B4C-6E85E51355AE}.Debug|Any CPU.ActiveCfg = Debug|Any CPU
		{74E5024D-FCE8-4CDC-9B4C-6E85E51355AE}.Debug|Any CPU.Build.0 = Debug|Any CPU
		{74E5024D-FCE8-4CDC-9B4C-6E85E51355AE}.Release|Any CPU.ActiveCfg = Release|Any CPU
		{74E5024D-FCE8-4CDC-9B4C-6E85E51355AE}.Release|Any CPU.Build.0 = Release|Any CPU
	EndGlobalSection
EndGlobal
