
Microsoft Visual Studio Solution File, Format Version 12.00
# Visual Studio 15
Project("{FAE04EC0-301F-11D3-BF4B-00C04F79EFBC}") = "18_variablesAndConstants", "18_variablesAndConstants\18_variablesAndConstants.csproj", "{23DFA7EA-679A-4687-BA19-E0677E83A68B}"
EndProject
Global
	GlobalSection(SolutionConfigurationPlatforms) = preSolution
		Debug|Any CPU = Debug|Any CPU
		Release|Any CPU = Release|Any CPU
	EndGlobalSection
	GlobalSection(ProjectConfigurationPlatforms) = postSolution
		{23DFA7EA-679A-4687-BA19-E0677E83A68B}.Debug|Any CPU.ActiveCfg = Debug|Any CPU
		{23DFA7EA-679A-4687-BA19-E0677E83A68B}.Debug|Any CPU.Build.0 = Debug|Any CPU
		{23DFA7EA-679A-4687-BA19-E0677E83A68B}.Release|Any CPU.ActiveCfg = Release|Any CPU
		{23DFA7EA-679A-4687-BA19-E0677E83A68B}.Release|Any CPU.Build.0 = Release|Any CPU
	EndGlobalSection
EndGlobal
