
Microsoft Visual Studio Solution File, Format Version 12.00
# Visual Studio 15
Project("{FAE04EC0-301F-11D3-BF4B-00C04F79EFBC}") = "42_ifElseSwitchCase", "42_ifElseSwitchCase\42_ifElseSwitchCase.csproj", "{42665141-18E5-41F1-A65A-A0B700F42112}"
EndProject
Global
	GlobalSection(SolutionConfigurationPlatforms) = preSolution
		Debug|Any CPU = Debug|Any CPU
		Release|Any CPU = Release|Any CPU
	EndGlobalSection
	GlobalSection(ProjectConfigurationPlatforms) = postSolution
		{42665141-18E5-41F1-A65A-A0B700F42112}.Debug|Any CPU.ActiveCfg = Debug|Any CPU
		{42665141-18E5-41F1-A65A-A0B700F42112}.Debug|Any CPU.Build.0 = Debug|Any CPU
		{42665141-18E5-41F1-A65A-A0B700F42112}.Release|Any CPU.ActiveCfg = Release|Any CPU
		{42665141-18E5-41F1-A65A-A0B700F42112}.Release|Any CPU.Build.0 = Release|Any CPU
	EndGlobalSection
EndGlobal
